
Microsoft Visual Studio Solution File, Format Version 12.00
# Visual Studio 15
VisualStudioVersion = 15.0.28306.52
MinimumVisualStudioVersion = 10.0.40219.1
Project("{FAE04EC0-301F-11D3-BF4B-00C04F79EFBC}") = "NumberToWordConverter", "NumberToWordConverter.csproj", "{8FD91EBE-A249-47BD-9B80-AF625089E69E}"
EndProject
Project("{FAE04EC0-301F-11D3-BF4B-00C04F79EFBC}") = "NumberToWordConverterTest", "..\NumberToWordConverterTest\NumberToWordConverterTest.csproj", "{838B9C8C-BA25-4DFE-8491-04E5BC757603}"
EndProject
Global
	GlobalSection(SolutionConfigurationPlatforms) = preSolution
		Debug|Any CPU = Debug|Any CPU
		Release|Any CPU = Release|Any CPU
	EndGlobalSection
	GlobalSection(ProjectConfigurationPlatforms) = postSolution
		{8FD91EBE-A249-47BD-9B80-AF625089E69E}.Debug|Any CPU.ActiveCfg = Debug|Any CPU
		{8FD91EBE-A249-47BD-9B80-AF625089E69E}.Debug|Any CPU.Build.0 = Debug|Any CPU
		{8FD91EBE-A249-47BD-9B80-AF625089E69E}.Release|Any CPU.ActiveCfg = Release|Any CPU
		{8FD91EBE-A249-47BD-9B80-AF625089E69E}.Release|Any CPU.Build.0 = Release|Any CPU
		{838B9C8C-BA25-4DFE-8491-04E5BC757603}.Debug|Any CPU.ActiveCfg = Debug|Any CPU
		{838B9C8C-BA25-4DFE-8491-04E5BC757603}.Debug|Any CPU.Build.0 = Debug|Any CPU
		{838B9C8C-BA25-4DFE-8491-04E5BC757603}.Release|Any CPU.ActiveCfg = Release|Any CPU
		{838B9C8C-BA25-4DFE-8491-04E5BC757603}.Release|Any CPU.Build.0 = Release|Any CPU
	EndGlobalSection
	GlobalSection(SolutionProperties) = preSolution
		HideSolutionNode = FALSE
	EndGlobalSection
	GlobalSection(ExtensibilityGlobals) = postSolution
		SolutionGuid = {6445A9FC-B68E-41B8-A52C-179DF58F433D}
	EndGlobalSection
EndGlobal
